
Microsoft Visual Studio Solution File, Format Version 12.00
# Visual Studio Version 16
VisualStudioVersion = 16.0.32002.261
MinimumVisualStudioVersion = 10.0.40219.1
Project("{FAE04EC0-301F-11D3-BF4B-00C04F79EFBC}") = "SalesWebMvc1", "SalesWebMvc1\SalesWebMvc1.csproj", "{E516B842-A0BB-442B-842A-E153416F9DD5}"
EndProject
Global
	GlobalSection(SolutionConfigurationPlatforms) = preSolution
		Debug|Any CPU = Debug|Any CPU
		Release|Any CPU = Release|Any CPU
	EndGlobalSection
	GlobalSection(ProjectConfigurationPlatforms) = postSolution
		{E516B842-A0BB-442B-842A-E153416F9DD5}.Debug|Any CPU.ActiveCfg = Debug|Any CPU
		{E516B842-A0BB-442B-842A-E153416F9DD5}.Debug|Any CPU.Build.0 = Debug|Any CPU
		{E516B842-A0BB-442B-842A-E153416F9DD5}.Release|Any CPU.ActiveCfg = Release|Any CPU
		{E516B842-A0BB-442B-842A-E153416F9DD5}.Release|Any CPU.Build.0 = Release|Any CPU
	EndGlobalSection
	GlobalSection(SolutionProperties) = preSolution
		HideSolutionNode = FALSE
	EndGlobalSection
	GlobalSection(ExtensibilityGlobals) = postSolution
		SolutionGuid = {192F8F01-B2EA-44DA-9D8C-D48860099CB2}
	EndGlobalSection
EndGlobal
